{
  "version": 1,
  "files": {
    "Example: Claude Skills::edge-add-histogram/SKILL.md": {
      "remoteSha": "4fa0064cb5ae41207d404a82cb107de0bfc04985",
      "localHash": "7d2c351d8ee7e063da40030dfc93e5f650855847305e07fc69f4e4d3d55d87f0",
      "syncedAt": "2026-03-27T02:17:26.247Z"
    },
    "Example: Claude Skills::edge-add-histogram/references/histogram-templates.md": {
      "remoteSha": "f2c23f25a5156e539c07d92f7f1ecc78d77024ef",
      "localHash": "dbb207690bc7fe15ad3c9b368d2e2b236ed9375176926f7e29ca95ebf7b33649",
      "syncedAt": "2026-03-27T02:17:26.271Z"
    },
    "Example: Claude Skills::edge-cherry-pick/SKILL.md": {
      "remoteSha": "6ac927788ba5ca5879e129ec8ff7679f0acba754",
      "localHash": "62808a22a6f13b23f4490fa18d7df33df941dfdce4287a08adc6912e9131c4ed",
      "syncedAt": "2026-03-27T02:17:26.292Z"
    },
    "Example: Claude Skills::edge-cherry-pick/references/official-pr-template.md": {
      "remoteSha": "582fc473bbfdfe422bbf6f734223fc2ccf069b1d",
      "localHash": "b7b0a7b2ab6ad02e23663d337535bd1bbbb08927bea55afd2495fb3b92d40c27",
      "syncedAt": "2026-03-27T02:17:26.307Z"
    },
    "Example: VS Code Copilot Memory::preferences.md": {
      "remoteSha": "2f80ac78e40230c8a2ec7ca635b9f0c80feee525",
      "localHash": "5028b2dbd52d0e3da7dfc1b39f7a7493bfcc4da286230f01bab3632d2d531a3e",
      "syncedAt": "2026-03-27T02:17:30.096Z"
    }
  },
  "lastSync": {
    "Example: Claude Skills": "2026-03-27T02:17:26.307Z",
    "Example: VS Code Copilot Memory": "2026-03-27T02:17:30.096Z"
  }
}
